
Microsoft Visual Studio Solution File, Format Version 12.00
# Visual Studio Version 16
VisualStudioVersion = 16.0.29230.47
MinimumVisualStudioVersion = 10.0.40219.1
Project("{9A19103F-16F7-4668-BE54-9A1E7A4F7556}") = "MyWeb", "MyWeb\MyWeb.csproj", "{774FDD4A-2320-4598-9F9B-9D777698890C}"
EndProject
Global
	GlobalSection(SolutionConfigurationPlatforms) = preSolution
		Debug|Any CPU = Debug|Any CPU
		Release|Any CPU = Release|Any CPU
	EndGlobalSection
	GlobalSection(ProjectConfigurationPlatforms) = postSolution
		{774FDD4A-2320-4598-9F9B-9D777698890C}.Debug|Any CPU.ActiveCfg = Debug|Any CPU
		{774FDD4A-2320-4598-9F9B-9D777698890C}.Debug|Any CPU.Build.0 = Debug|Any CPU
		{774FDD4A-2320-4598-9F9B-9D777698890C}.Release|Any CPU.ActiveCfg = Release|Any CPU
		{774FDD4A-2320-4598-9F9B-9D777698890C}.Release|Any CPU.Build.0 = Release|Any CPU
	EndGlobalSection
	GlobalSection(SolutionProperties) = preSolution
		HideSolutionNode = FALSE
	EndGlobalSection
	GlobalSection(ExtensibilityGlobals) = postSolution
		SolutionGuid = {3E9FF528-E2A3-470F-8FF3-09AEAF2A8104}
	EndGlobalSection
EndGlobal
